<?xml version="1.0" encoding="utf-8"?>
<Project ToolsVersion="4.0" xmlns="http://schemas.microsoft.com/developer/msbuild/2003">
  <ItemGroup>
    <Filter Include="Source Files">
      <UniqueIdentifier>{4FC737F1-C7A5-4376-A066-2A32D752A2FF}</UniqueIdentifier>
      <Extensions>cpp;cxx;c;def</Extensions>
    </Filter>
    <Filter Include="Header Files">
      <UniqueIdentifier>{93995380-89BD-4b04-88EB-625FBE52EBFB}</UniqueIdentifier>
      <Extensions>h</Extensions>
    </Filter>
    <Filter Include="Form Files">
      <UniqueIdentifier>{99349809-55BA-4b9d-BF79-8FDBB0286EB3}</UniqueIdentifier>
      <Extensions>ui</Extensions>
    </Filter>
    <Filter Include="Resource Files">
      <UniqueIdentifier>{D9D6E242-F8AF-46E4-B9FD-80ECBC20BA3E}</UniqueIdentifier>
      <Extensions>qrc;*</Extensions>
      <ParseFiles>false</ParseFiles>
    </Filter>
    <Filter Include="Generated Files">
      <UniqueIdentifier>{71ED8ED8-ACB9-4CE9-BBE1-E00B30144E11}</UniqueIdentifier>
      <Extensions>moc;h;cpp</Extensions>
      <SourceControlFiles>False</SourceControlFiles>
    </Filter>
  </ItemGroup>
  <ItemGroup>
    <ClInclude Include="hydrocouple.h">
      <Filter>Header Files</Filter>
    </ClInclude>
    <ClInclude Include="iadaptedproducerexchangeitem.h">
      <Filter>Header Files</Filter>
    </ClInclude>
    <ClInclude Include="iadaptedproducerexchangeitemfactory.h">
      <Filter>Header Files</Filter>
    </ClInclude>
    <ClInclude Include="iadaptedproducerexchangeitemfactorycomponent.h">
      <Filter>Header Files</Filter>
    </ClInclude>
    <ClInclude Include="iadaptedproducerexchangeitemfactorycomponentinfo.h">
      <Filter>Header Files</Filter>
    </ClInclude>
    <ClInclude Include="iargument.h">
      <Filter>Header Files</Filter>
    </ClInclude>
    <ClInclude Include="icategory.h">
      <Filter>Header Files</Filter>
    </ClInclude>
    <ClInclude Include="icomponentexchangeitem.h">
      <Filter>Header Files</Filter>
    </ClInclude>
    <ClInclude Include="icomponentinfo.h">
      <Filter>Header Files</Filter>
    </ClInclude>
    <ClInclude Include="icomponentitem.h">
      <Filter>Header Files</Filter>
    </ClInclude>
    <ClInclude Include="icomponentitemchangeevent.h">
      <Filter>Header Files</Filter>
    </ClInclude>
    <ClInclude Include="icomponentstatuschangeevent.h">
      <Filter>Header Files</Filter>
    </ClInclude>
    <ClInclude Include="iconsumerexchangeitem.h">
      <Filter>Header Files</Filter>
    </ClInclude>
    <ClInclude Include="icurve.h">
      <Filter>Header Files</Filter>
    </ClInclude>
    <ClInclude Include="idescription.h">
      <Filter>Header Files</Filter>
    </ClInclude>
    <ClInclude Include="idimension.h">
      <Filter>Header Files</Filter>
    </ClInclude>
    <ClInclude Include="igeometry.h">
      <Filter>Header Files</Filter>
    </ClInclude>
    <ClInclude Include="igeometryargument.h">
      <Filter>Header Files</Filter>
    </ClInclude>
    <ClInclude Include="igeometrycollection.h">
      <Filter>Header Files</Filter>
    </ClInclude>
    <ClInclude Include="igeometrycomponentitem.h">
      <Filter>Header Files</Filter>
    </ClInclude>
    <ClInclude Include="igeometryexchangeitem.h">
      <Filter>Header Files</Filter>
    </ClInclude>
    <ClInclude Include="iidentity.h">
      <Filter>Header Files</Filter>
    </ClInclude>
    <ClInclude Include="iline.h">
      <Filter>Header Files</Filter>
    </ClInclude>
    <ClInclude Include="ilinearring.h">
      <Filter>Header Files</Filter>
    </ClInclude>
    <ClInclude Include="ilinestring.h">
      <Filter>Header Files</Filter>
    </ClInclude>
    <ClInclude Include="imodelcomponent.h">
      <Filter>Header Files</Filter>
    </ClInclude>
    <ClInclude Include="imodelcomponentinfo.h">
      <Filter>Header Files</Filter>
    </ClInclude>
    <ClInclude Include="imulticonsumerexchangeitem.h">
      <Filter>Header Files</Filter>
    </ClInclude>
    <ClInclude Include="imulticurve.h">
      <Filter>Header Files</Filter>
    </ClInclude>
    <ClInclude Include="imultilinestring.h">
      <Filter>Header Files</Filter>
    </ClInclude>
    <ClInclude Include="imultipoint.h">
      <Filter>Header Files</Filter>
    </ClInclude>
    <ClInclude Include="imultipolygon.h">
      <Filter>Header Files</Filter>
    </ClInclude>
    <ClInclude Include="imultisurface.h">
      <Filter>Header Files</Filter>
    </ClInclude>
    <ClInclude Include="ipoint.h">
      <Filter>Header Files</Filter>
    </ClInclude>
    <ClInclude Include="ipolygon.h">
      <Filter>Header Files</Filter>
    </ClInclude>
    <ClInclude Include="ipolyhedralsurface.h">
      <Filter>Header Files</Filter>
    </ClInclude>
    <ClInclude Include="iproducerexchangeitem.h">
      <Filter>Header Files</Filter>
    </ClInclude>
    <ClInclude Include="ipropertychanged.h">
      <Filter>Header Files</Filter>
    </ClInclude>
    <ClInclude Include="iqualityvariabledefinition.h">
      <Filter>Header Files</Filter>
    </ClInclude>
    <ClInclude Include="iquantityvariabledefinition.h">
      <Filter>Header Files</Filter>
    </ClInclude>
    <ClInclude Include="iraster.h">
      <Filter>Header Files</Filter>
    </ClInclude>
    <ClInclude Include="irasterargument.h">
      <Filter>Header Files</Filter>
    </ClInclude>
    <ClInclude Include="irasterband.h">
      <Filter>Header Files</Filter>
    </ClInclude>
    <ClInclude Include="irastercomponentitem.h">
      <Filter>Header Files</Filter>
    </ClInclude>
    <ClInclude Include="irasterexhangeitem.h">
      <Filter>Header Files</Filter>
    </ClInclude>
    <ClInclude Include="ispatial.h">
      <Filter>Header Files</Filter>
    </ClInclude>
    <ClInclude Include="ispatialreferencesystem.h">
      <Filter>Header Files</Filter>
    </ClInclude>
    <ClInclude Include="isurface.h">
      <Filter>Header Files</Filter>
    </ClInclude>
    <ClInclude Include="itime.h">
      <Filter>Header Files</Filter>
    </ClInclude>
    <ClInclude Include="itimeargument.h">
      <Filter>Header Files</Filter>
    </ClInclude>
    <ClInclude Include="itimecomponentitem.h">
      <Filter>Header Files</Filter>
    </ClInclude>
    <ClInclude Include="itimeexchangeitem.h">
      <Filter>Header Files</Filter>
    </ClInclude>
    <ClInclude Include="itimegeometryargument.h">
      <Filter>Header Files</Filter>
    </ClInclude>
    <ClInclude Include="itimegeometrycomponentitem.h">
      <Filter>Header Files</Filter>
    </ClInclude>
    <ClInclude Include="itimegeometryexchangeitem.h">
      <Filter>Header Files</Filter>
    </ClInclude>
    <ClInclude Include="itimerasterargument.h">
      <Filter>Header Files</Filter>
    </ClInclude>
    <ClInclude Include="itimerastercomponentitem.h">
      <Filter>Header Files</Filter>
    </ClInclude>
    <ClInclude Include="itimerasterexchangeitem.h">
      <Filter>Header Files</Filter>
    </ClInclude>
    <ClInclude Include="itimespan.h">
      <Filter>Header Files</Filter>
    </ClInclude>
    <ClInclude Include="itin.h">
      <Filter>Header Files</Filter>
    </ClInclude>
    <ClInclude Include="itriangle.h">
      <Filter>Header Files</Filter>
    </ClInclude>
    <ClInclude Include="iunit.h">
      <Filter>Header Files</Filter>
    </ClInclude>
    <ClInclude Include="iunitdimensions.h">
      <Filter>Header Files</Filter>
    </ClInclude>
    <ClInclude Include="ivariable.h">
      <Filter>Header Files</Filter>
    </ClInclude>
    <ClInclude Include="ivariabledefinition.h">
      <Filter>Header Files</Filter>
    </ClInclude>
    <ClInclude Include="stdafx.h">
      <Filter>Header Files</Filter>
    </ClInclude>
  </ItemGroup>
  <ItemGroup>
    <ClCompile Include="stdafx.cpp">
      <Filter>Source Files</Filter>
    </ClCompile>
  </ItemGroup>
</Project>